
Microsoft Visual Studio Solution File, Format Version 12.00
# Visual Studio Version 17
VisualStudioVersion = 17.7.34018.315
MinimumVisualStudioVersion = 10.0.40219.1
Project("{FAE04EC0-301F-11D3-BF4B-00C04F79EFBC}") = "NYCBank-DotnetTest", "NYCBank-DotnetTest\NYCBank-DotnetTest.csproj", "{D76FD4B4-01B5-4499-9CD7-D32F4001F1EC}"
EndProject
Global
	GlobalSection(SolutionConfigurationPlatforms) = preSolution
		Debug|Any CPU = Debug|Any CPU
		Release|Any CPU = Release|Any CPU
	EndGlobalSection
	GlobalSection(ProjectConfigurationPlatforms) = postSolution
		{D76FD4B4-01B5-4499-9CD7-D32F4001F1EC}.Debug|Any CPU.ActiveCfg = Debug|Any CPU
		{D76FD4B4-01B5-4499-9CD7-D32F4001F1EC}.Debug|Any CPU.Build.0 = Debug|Any CPU
		{D76FD4B4-01B5-4499-9CD7-D32F4001F1EC}.Release|Any CPU.ActiveCfg = Release|Any CPU
		{D76FD4B4-01B5-4499-9CD7-D32F4001F1EC}.Release|Any CPU.Build.0 = Release|Any CPU
	EndGlobalSection
	GlobalSection(SolutionProperties) = preSolution
		HideSolutionNode = FALSE
	EndGlobalSection
	GlobalSection(ExtensibilityGlobals) = postSolution
		SolutionGuid = {2A627A74-6848-4B10-A217-4D99C770EBAB}
	EndGlobalSection
EndGlobal
